github.com/bolom009/astar v1.0.1 h1:be17S68tyYD6aZD0IMjU2sUX19w6nJhLbmBlx1aIJEg=
github.com/bolom009/astar v1.0.1/go.mod h1:2AGXVxVkduNPNnkJ0pYpqkJCfCDfFtZgtQ/JyFeZN2k=
github.com/bolom009/clipper v1.0.0 h1:BQmsUq3+0hw4eTZutZMcogBGFGXv6MIdpbKYTDLDPAQ=
github.com/bolom009/clipper v1.0.0/go.mod h1:UO/mvPZ7KmYX/adBl0yPU6Pm2kWf9SV+1pVCqGN/4FQ=
github.com/bolom009/delaunay v1.0.0 h1:UmIdmjUDG6gP30OC/qNIxHXFlHdJztaNtr3/oU5pLxM=
github.com/bolom009/delaunay v1.0.0/go.mod h1:DPz4UjKa218LrCbPxN8eq86fxAbIHHhKKGLATMZ2DbQ=
github.com/bolom009/geom v1.7.0 h1:fmGnSMM5vz1EmjNrrJZlIz6SMJgzYspBMgQAerlWwdA=
github.com/bolom009/geom v1.7.0/go.mod h1:Y2Nm5fIdxazEQnVGMZm+pxFrar84MxtKVPh6PosEAsU=
github.com/bolom009/go-clipper2 v1.1.1 h1:Wl+f1Jco7kMwLe9i9m8cxOMauspAtvCr9SWB9iTeDus=
github.com/bolom009/go-clipper2 v1.1.1/go.mod h1:HNUSLNFrjkkXxAyuQ3hhsnq9+Pr4xez/JAi/4H4SgyQ=
github.com/davecgh/go-spew v1.1.1 h1:vj9j/u1bqnvCEfJOwUhtlOARqs3+rkHYY13jYWTU97c=
github.com/davecgh/go-spew v1.1.1/go.mod h1:J7Y8YcW2NihsgmVo/mv3lAwl/skON4iLHjSsI+c5H38=
github.com/ebitengine/purego v0.8.2 h1:jPPGWs2sZ1UgOSgD2bClL0MJIqu58nOmIcBuXr62z1I=
github.com/ebitengine/purego v0.8.2/go.mod h1:iIjxzd6CiRiOG0UyXP+V1+jWqUXVjPKLAI0mRfJZTmQ=
github.com/fzipp/astar v0.3.0 h1:ONok5YsDmFAVpBvKBP30wU3YDNVU101VRWBTRCUsGqA=
github.com/fzipp/astar v0.3.0/go.mod h1:KWXlNb4EkWXPckLv812VKCBie5lg3I38jj05whtQozM=
github.com/gen2brain/raylib-go/raygui v0.0.0-20250215042252-db8e47f0e5c5 h1:RBIUgStpzR3g5g7qIkK4+sSbYXVTQXiXGqRZ84j3+ZY=
github.com/gen2brain/raylib-go/raygui v0.0.0-20250215042252-db8e47f0e5c5/go.mod h1:Ji/uPEko2AUkcyPLAelEUa+E8Npc89/XY5Fo/lS/e3I=
github.com/gen2brain/raylib-go/raylib v0.0.0-20250215042252-db8e47f0e5c5 h1:k8ZAxLgb/p5TvCi5VHFHM8JdnjwShNK4A0bLIwbktAU=
github.com/gen2brain/raylib-go/raylib v0.0.0-20250215042252-db8e47f0e5c5/go.mod h1:BaY76bZk7nw1/kVOSQObPY1v1iwVE1KHAGMfvI6oK1Q=
github.com/govalues/decimal v0.1.36 h1:dojDpsSvrk0ndAx8+saW5h9WDIHdWpIwrH/yhl9olyU=
github.com/govalues/decimal v0.1.36/go.mod h1:Ee7eI3Llf7hfqDZtpj8Q6NCIgJy1iY3kH1pSwDrNqlM=
github.com/pmezard/go-difflib v1.0.0 h1:4DBwDE0NGyQoBHbLQYPwSUPoCMWR5BEzIk/f1lZbAQM=
github.com/pmezard/go-difflib v1.0.0/go.mod h1:iKH77koFhYxTK1pcRnkKkqfTogsbg7gZNVY4sRDYZ/4=
github.com/stretchr/testify v1.11.1 h1:7s2iGBzp5EwR7/aIZr8ao5+dra3wiQyKjjFuvgVKu7U=
github.com/stretchr/testify v1.11.1/go.mod h1:wZwfW3scLgRK+23gO65QZefKpKQRnfz6sD981Nm4B6U=
golang.org/x/exp v0.0.0-20250911091902-df9299821621 h1:2id6c1/gto0kaHYyrixvknJ8tUK/Qs5IsmBtrc+FtgU=
golang.org/x/exp v0.0.0-20250911091902-df9299821621/go.mod h1:TwQYMMnGpvZyc+JpB/UAuTNIsVJifOlSkrZkhcvpVUk=
golang.org/x/sys v0.31.0 h1:ioabZlmFYtWhL+TRYpcnNlLwhyxaM9kWTDEmfnprqik=
golang.org/x/sys v0.31.0/go.mod h1:BJP2sWEmIv4KK5OTEluFJCKSidICx8ciO85XgH3Ak8k=
gopkg.in/yaml.v3 v3.0.1 h1:fxVm/GzAzEWqLHuvctI91KS9hhNmmWOoWu0XTYJS7CA=
gopkg.in/yaml.v3 v3.0.1/go.mod h1:K4uyk7z7BCEPqu6E+C64Yfv1cQ7kz7rIZviUmN+EgEM=
